{
  "originHash" : "561c2da41d0adb3bdf1dc4a70a14745352b9b28283e05809b933dc64efaa2bc4",
  "pins" : [
    {
      "identity" : "alamofire",
      "kind" : "remoteSourceControl",
      "location" : "https://github.com/Alamofire/Alamofire",
      "state" : {
        "revision" : "513364f870f6bfc468f9d2ff0a95caccc10044c5",
        "version" : "5.10.2"
      }
    },
    {
      "identity" : "factory",
      "kind" : "remoteSourceControl",
      "location" : "https://github.com/hmlongco/Factory",
      "state" : {
        "revision" : "98e965ba52769132a298769894f9741f8c291509",
        "version" : "2.4.11"
      }
    }
  ],
  "version" : 3
}
