{
  "originHash" : "d1c243eb6548389b45eba498c9c33974dab13ddef4a8160fedb6cb270c1b3a6c",
  "pins" : [
    {
      "identity" : "alamofire",
      "kind" : "remoteSourceControl",
      "location" : "https://github.com/Alamofire/Alamofire",
      "state" : {
        "revision" : "513364f870f6bfc468f9d2ff0a95caccc10044c5",
        "version" : "5.10.2"
      }
    },
    {
      "identity" : "factory",
      "kind" : "remoteSourceControl",
      "location" : "https://github.com/hmlongco/Factory",
      "state" : {
        "revision" : "56129530a97d89d03f610685d348d333af4989bb",
        "version" : "2.5.2"
      }
    }
  ],
  "version" : 3
}
