// !$*UTF8*$!
{
	archiveVersion = 1;
	classes = {
	};
	objectVersion = 77;
	objects = {

/* Begin PBXContainerItemProxy section */
		E45B05682DCA24B200390C39 /* PBXContainerItemProxy */ = {
			isa = PBXContainerItemProxy;
			containerPortal = E45B054D2DCA24AD00390C39 /* Project object */;
			proxyType = 1;
			remoteGlobalIDString = E45B05542DCA24AD00390C39;
			remoteInfo = NicoKeyShifter_iOS;
		};
		E45B05722DCA24B200390C39 /* PBXContainerItemProxy */ = {
			isa = PBXContainerItemProxy;
			containerPortal = E45B054D2DCA24AD00390C39 /* Project object */;
			proxyType = 1;
			remoteGlobalIDString = E45B05542DCA24AD00390C39;
			remoteInfo = NicoKeyShifter_iOS;
		};
/* End PBXContainerItemProxy section */

/* Begin PBXFileReference section */
		E45B05552DCA24AD00390C39 /* NicoKeyShifter_iOS.app */ = {isa = PBXFileReference; explicitFileType = wrapper.application; includeInIndex = 0; path = NicoKeyShifter_iOS.app; sourceTree = BUILT_PRODUCTS_DIR; };
		E45B05672DCA24B200390C39 /* NicoKeyShifter_iOSTests.xctest */ = {isa = PBXFileReference; explicitFileType = wrapper.cfbundle; includeInIndex = 0; path = NicoKeyShifter_iOSTests.xctest; sourceTree = BUILT_PRODUCTS_DIR; };
		E45B05712DCA24B200390C39 /* NicoKeyShifter_iOSUITests.xctest */ = {isa = PBXFileReference; explicitFileType = wrapper.cfbundle; includeInIndex = 0; path = NicoKeyShifter_iOSUITests.xctest; sourceTree = BUILT_PRODUCTS_DIR; };
/* End PBXFileReference section */

/* Begin PBXFileSystemSynchronizedRootGroup section */
		E45B05572DCA24AD00390C39 /* NicoKeyShifter_iOS */ = {
			isa = PBXFileSystemSynchronizedRootGroup;
			path = NicoKeyShifter_iOS;
			sourceTree = "<group>";
		};
		E45B056A2DCA24B200390C39 /* NicoKeyShifter_iOSTests */ = {
			isa = PBXFileSystemSynchronizedRootGroup;
			path = NicoKeyShifter_iOSTests;
			sourceTree = "<group>";
		};
		E45B05742DCA24B200390C39 /* NicoKeyShifter_iOSUITests */ = {
			isa = PBXFileSystemSynchronizedRootGroup;
			path = NicoKeyShifter_iOSUITests;
			sourceTree = "<group>";
		};
/* End PBXFileSystemSynchronizedRootGroup section */

/* Begin PBXFrameworksBuildPhase section */
		E45B05522DCA24AD00390C39 /* Frameworks */ = {
			isa = PBXFrameworksBuildPhase;
			buildActionMask = 2147483647;
			files = (
			);
			runOnlyForDeploymentPostprocessing = 0;
		};
		E45B05642DCA24B200390C39 /* Frameworks */ = {
			isa = PBXFrameworksBuildPhase;
			buildActionMask = 2147483647;
			files = (
			);
			runOnlyForDeploymentPostprocessing = 0;
		};
		E45B056E2DCA24B200390C39 /* Frameworks */ = {
			isa = PBXFrameworksBuildPhase;
			buildActionMask = 2147483647;
			files = (
			);
			runOnlyForDeploymentPostprocessing = 0;
		};
/* End PBXFrameworksBuildPhase section */

/* Begin PBXGroup section */
		E45B054C2DCA24AD00390C39 = {
			isa = PBXGroup;
			children = (
				E45B05572DCA24AD00390C39 /* NicoKeyShifter_iOS */,
				E45B056A2DCA24B200390C39 /* NicoKeyShifter_iOSTests */,
				E45B05742DCA24B200390C39 /* NicoKeyShifter_iOSUITests */,
				E45B05562DCA24AD00390C39 /* Products */,
			);
			sourceTree = "<group>";
		};
		E45B05562DCA24AD00390C39 /* Products */ = {
			isa = PBXGroup;
			children = (
				E45B05552DCA24AD00390C39 /* NicoKeyShifter_iOS.app */,
				E45B05672DCA24B200390C39 /* NicoKeyShifter_iOSTests.xctest */,
				E45B05712DCA24B200390C39 /* NicoKeyShifter_iOSUITests.xctest */,
			);
			name = Products;
			sourceTree = "<group>";
		};
/* End PBXGroup section */

/* Begin PBXNativeTarget section */
		E45B05542DCA24AD00390C39 /* NicoKeyShifter_iOS */ = {
			isa = PBXNativeTarget;
			buildConfigurationList = E45B057B2DCA24B200390C39 /* Build configuration list for PBXNativeTarget "NicoKeyShifter_iOS" */;
			buildPhases = (
				E45B05512DCA24AD00390C39 /* Sources */,
				E45B05522DCA24AD00390C39 /* Frameworks */,
				E45B05532DCA24AD00390C39 /* Resources */,
			);
			buildRules = (
			);
			dependencies = (
			);
			fileSystemSynchronizedGroups = (
				E45B05572DCA24AD00390C39 /* NicoKeyShifter_iOS */,
			);
			name = NicoKeyShifter_iOS;
			packageProductDependencies = (
			);
			productName = NicoKeyShifter_iOS;
			productReference = E45B05552DCA24AD00390C39 /* NicoKeyShifter_iOS.app */;
			productType = "com.apple.product-type.application";
		};
		E45B05662DCA24B200390C39 /* NicoKeyShifter_iOSTests */ = {
			isa = PBXNativeTarget;
			buildConfigurationList = E45B057E2DCA24B200390C39 /* Build configuration list for PBXNativeTarget "NicoKeyShifter_iOSTests" */;
			buildPhases = (
				E45B05632DCA24B200390C39 /* Sources */,
				E45B05642DCA24B200390C39 /* Frameworks */,
				E45B05652DCA24B200390C39 /* Resources */,
			);
			buildRules = (
			);
			dependencies = (
				E45B05692DCA24B200390C39 /* PBXTargetDependency */,
			);
			fileSystemSynchronizedGroups = (
				E45B056A2DCA24B200390C39 /* NicoKeyShifter_iOSTests */,
			);
			name = NicoKeyShifter_iOSTests;
			packageProductDependencies = (
			);
			productName = NicoKeyShifter_iOSTests;
			productReference = E45B05672DCA24B200390C39 /* NicoKeyShifter_iOSTests.xctest */;
			productType = "com.apple.product-type.bundle.unit-test";
		};
		E45B05702DCA24B200390C39 /* NicoKeyShifter_iOSUITests */ = {
			isa = PBXNativeTarget;
			buildConfigurationList = E45B05812DCA24B200390C39 /* Build configuration list for PBXNativeTarget "NicoKeyShifter_iOSUITests" */;
			buildPhases = (
				E45B056D2DCA24B200390C39 /* Sources */,
				E45B056E2DCA24B200390C39 /* Frameworks */,
				E45B056F2DCA24B200390C39 /* Resources */,
			);
			buildRules = (
			);
			dependencies = (
				E45B05732DCA24B200390C39 /* PBXTargetDependency */,
			);
			fileSystemSynchronizedGroups = (
				E45B05742DCA24B200390C39 /* NicoKeyShifter_iOSUITests */,
			);
			name = NicoKeyShifter_iOSUITests;
			packageProductDependencies = (
			);
			productName = NicoKeyShifter_iOSUITests;
			productReference = E45B05712DCA24B200390C39 /* NicoKeyShifter_iOSUITests.xctest */;
			productType = "com.apple.product-type.bundle.ui-testing";
		};
/* End PBXNativeTarget section */

/* Begin PBXProject section */
		E45B054D2DCA24AD00390C39 /* Project object */ = {
			isa = PBXProject;
			attributes = {
				BuildIndependentTargetsInParallel = 1;
				LastSwiftUpdateCheck = 1620;
				LastUpgradeCheck = 1620;
				TargetAttributes = {
					E45B05542DCA24AD00390C39 = {
						CreatedOnToolsVersion = 16.2;
					};
					E45B05662DCA24B200390C39 = {
						CreatedOnToolsVersion = 16.2;
						TestTargetID = E45B05542DCA24AD00390C39;
					};
					E45B05702DCA24B200390C39 = {
						CreatedOnToolsVersion = 16.2;
						TestTargetID = E45B05542DCA24AD00390C39;
					};
				};
			};
			buildConfigurationList = E45B05502DCA24AD00390C39 /* Build configuration list for PBXProject "NicoKeyShifter_iOS" */;
			developmentRegion = en;
			hasScannedForEncodings = 0;
			knownRegions = (
				en,
				Base,
			);
			mainGroup = E45B054C2DCA24AD00390C39;
			minimizedProjectReferenceProxies = 1;
			preferredProjectObjectVersion = 77;
			productRefGroup = E45B05562DCA24AD00390C39 /* Products */;
			projectDirPath = "";
			projectRoot = "";
			targets = (
				E45B05542DCA24AD00390C39 /* NicoKeyShifter_iOS */,
				E45B05662DCA24B200390C39 /* NicoKeyShifter_iOSTests */,
				E45B05702DCA24B200390C39 /* NicoKeyShifter_iOSUITests */,
			);
		};
/* End PBXProject section */

/* Begin PBXResourcesBuildPhase section */
		E45B05532DCA24AD00390C39 /* Resources */ = {
			isa = PBXResourcesBuildPhase;
			buildActionMask = 2147483647;
			files = (
			);
			runOnlyForDeploymentPostprocessing = 0;
		};
		E45B05652DCA24B200390C39 /* Resources */ = {
			isa = PBXResourcesBuildPhase;
			buildActionMask = 2147483647;
			files = (
			);
			runOnlyForDeploymentPostprocessing = 0;
		};
		E45B056F2DCA24B200390C39 /* Resources */ = {
			isa = PBXResourcesBuildPhase;
			buildActionMask = 2147483647;
			files = (
			);
			runOnlyForDeploymentPostprocessing = 0;
		};
/* End PBXResourcesBuildPhase section */

/* Begin PBXSourcesBuildPhase section */
		E45B05512DCA24AD00390C39 /* Sources */ = {
			isa = PBXSourcesBuildPhase;
			buildActionMask = 2147483647;
			files = (
			);
			runOnlyForDeploymentPostprocessing = 0;
		};
		E45B05632DCA24B200390C39 /* Sources */ = {
			isa = PBXSourcesBuildPhase;
			buildActionMask = 2147483647;
			files = (
			);
			runOnlyForDeploymentPostprocessing = 0;
		};
		E45B056D2DCA24B200390C39 /* Sources */ = {
			isa = PBXSourcesBuildPhase;
			buildActionMask = 2147483647;
			files = (
			);
			runOnlyForDeploymentPostprocessing = 0;
		};
/* End PBXSourcesBuildPhase section */

/* Begin PBXTargetDependency section */
		E45B05692DCA24B200390C39 /* PBXTargetDependency */ = {
			isa = PBXTargetDependency;
			target = E45B05542DCA24AD00390C39 /* NicoKeyShifter_iOS */;
			targetProxy = E45B05682DCA24B200390C39 /* PBXContainerItemProxy */;
		};
		E45B05732DCA24B200390C39 /* PBXTargetDependency */ = {
			isa = PBXTargetDependency;
			target = E45B05542DCA24AD00390C39 /* NicoKeyShifter_iOS */;
			targetProxy = E45B05722DCA24B200390C39 /* PBXContainerItemProxy */;
		};
/* End PBXTargetDependency section */

/* Begin XCBuildConfiguration section */
		E45B05792DCA24B200390C39 /* Debug */ = {
			isa = XCBuildConfiguration;
			buildSettings = {
				ALWAYS_SEARCH_USER_PATHS = NO;
				ASSETCATALOG_COMPILER_GENERATE_SWIFT_ASSET_SYMBOL_EXTENSIONS = YES;
				CLANG_ANALYZER_NONNULL = YES;
				CLANG_ANALYZER_NUMBER_OBJECT_CONVERSION = YES_AGGRESSIVE;
				CLANG_CXX_LANGUAGE_STANDARD = "gnu++20";
				CLANG_ENABLE_MODULES = YES;
				CLANG_ENABLE_OBJC_ARC = YES;
				CLANG_ENABLE_OBJC_WEAK = YES;
				CLANG_WARN_BLOCK_CAPTURE_AUTORELEASING = YES;
				CLANG_WARN_BOOL_CONVERSION = YES;
				CLANG_WARN_COMMA = YES;
				CLANG_WARN_CONSTANT_CONVERSION = YES;
				CLANG_WARN_DEPRECATED_OBJC_IMPLEMENTATIONS = YES;
				CLANG_WARN_DIRECT_OBJC_ISA_USAGE = YES_ERROR;
				CLANG_WARN_DOCUMENTATION_COMMENTS = YES;
				CLANG_WARN_EMPTY_BODY = YES;
				CLANG_WARN_ENUM_CONVERSION = YES;
				CLANG_WARN_INFINITE_RECURSION = YES;
				CLANG_WARN_INT_CONVERSION = YES;
				CLANG_WARN_NON_LITERAL_NULL_CONVERSION = YES;
				CLANG_WARN_OBJC_IMPLICIT_RETAIN_SELF = YES;
				CLANG_WARN_OBJC_LITERAL_CONVERSION = YES;
				CLANG_WARN_OBJC_ROOT_CLASS = YES_ERROR;
				CLANG_WARN_QUOTED_INCLUDE_IN_FRAMEWORK_HEADER = YES;
				CLANG_WARN_RANGE_LOOP_ANALYSIS = YES;
				CLANG_WARN_STRICT_PROTOTYPES = YES;
				CLANG_WARN_SUSPICIOUS_MOVE = YES;
				CLANG_WARN_UNGUARDED_AVAILABILITY = YES_AGGRESSIVE;
				CLANG_WARN_UNREACHABLE_CODE = YES;
				CLANG_WARN__DUPLICATE_METHOD_MATCH = YES;
				COPY_PHASE_STRIP = NO;
				DEBUG_INFORMATION_FORMAT = dwarf;
				ENABLE_STRICT_OBJC_MSGSEND = YES;
				ENABLE_TESTABILITY = YES;
				ENABLE_USER_SCRIPT_SANDBOXING = YES;
				GCC_C_LANGUAGE_STANDARD = gnu17;
				GCC_DYNAMIC_NO_PIC = NO;
				GCC_NO_COMMON_BLOCKS = YES;
				GCC_OPTIMIZATION_LEVEL = 0;
				GCC_PREPROCESSOR_DEFINITIONS = (
					"DEBUG=1",
					"$(inherited)",
				);
				GCC_WARN_64_TO_32_BIT_CONVERSION = YES;
				GCC_WARN_ABOUT_RETURN_TYPE = YES_ERROR;
				GCC_WARN_UNDECLARED_SELECTOR = YES;
				GCC_WARN_UNINITIALIZED_AUTOS = YES_AGGRESSIVE;
				GCC_WARN_UNUSED_FUNCTION = YES;
				GCC_WARN_UNUSED_VARIABLE = YES;
				IPHONEOS_DEPLOYMENT_TARGET = 18.2;
				LOCALIZATION_PREFERS_STRING_CATALOGS = YES;
				MTL_ENABLE_DEBUG_INFO = INCLUDE_SOURCE;
				MTL_FAST_MATH = YES;
				ONLY_ACTIVE_ARCH = YES;
				SDKROOT = iphoneos;
				SWIFT_ACTIVE_COMPILATION_CONDITIONS = "DEBUG $(inherited)";
				SWIFT_OPTIMIZATION_LEVEL = "-Onone";
			};
			name = Debug;
		};
		E45B057A2DCA24B200390C39 /* Release */ = {
			isa = XCBuildConfiguration;
			buildSettings = {
				ALWAYS_SEARCH_USER_PATHS = NO;
				ASSETCATALOG_COMPILER_GENERATE_SWIFT_ASSET_SYMBOL_EXTENSIONS = YES;
				CLANG_ANALYZER_NONNULL = YES;
				CLANG_ANALYZER_NUMBER_OBJECT_CONVERSION = YES_AGGRESSIVE;
				CLANG_CXX_LANGUAGE_STANDARD = "gnu++20";
				CLANG_ENABLE_MODULES = YES;
				CLANG_ENABLE_OBJC_ARC = YES;
				CLANG_ENABLE_OBJC_WEAK = YES;
				CLANG_WARN_BLOCK_CAPTURE_AUTORELEASING = YES;
				CLANG_WARN_BOOL_CONVERSION = YES;
				CLANG_WARN_COMMA = YES;
				CLANG_WARN_CONSTANT_CONVERSION = YES;
				CLANG_WARN_DEPRECATED_OBJC_IMPLEMENTATIONS = YES;
				CLANG_WARN_DIRECT_OBJC_ISA_USAGE = YES_ERROR;
				CLANG_WARN_DOCUMENTATION_COMMENTS = YES;
				CLANG_WARN_EMPTY_BODY = YES;
				CLANG_WARN_ENUM_CONVERSION = YES;
				CLANG_WARN_INFINITE_RECURSION = YES;
				CLANG_WARN_INT_CONVERSION = YES;
				CLANG_WARN_NON_LITERAL_NULL_CONVERSION = YES;
				CLANG_WARN_OBJC_IMPLICIT_RETAIN_SELF = YES;
				CLANG_WARN_OBJC_LITERAL_CONVERSION = YES;
				CLANG_WARN_OBJC_ROOT_CLASS = YES_ERROR;
				CLANG_WARN_QUOTED_INCLUDE_IN_FRAMEWORK_HEADER = YES;
				CLANG_WARN_RANGE_LOOP_ANALYSIS = YES;
				CLANG_WARN_STRICT_PROTOTYPES = YES;
				CLANG_WARN_SUSPICIOUS_MOVE = YES;
				CLANG_WARN_UNGUARDED_AVAILABILITY = YES_AGGRESSIVE;
				CLANG_WARN_UNREACHABLE_CODE = YES;
				CLANG_WARN__DUPLICATE_METHOD_MATCH = YES;
				COPY_PHASE_STRIP = NO;
				DEBUG_INFORMATION_FORMAT = "dwarf-with-dsym";
				ENABLE_NS_ASSERTIONS = NO;
				ENABLE_STRICT_OBJC_MSGSEND = YES;
				ENABLE_USER_SCRIPT_SANDBOXING = YES;
				GCC_C_LANGUAGE_STANDARD = gnu17;
				GCC_NO_COMMON_BLOCKS = YES;
				GCC_WARN_64_TO_32_BIT_CONVERSION = YES;
				GCC_WARN_ABOUT_RETURN_TYPE = YES_ERROR;
				GCC_WARN_UNDECLARED_SELECTOR = YES;
				GCC_WARN_UNINITIALIZED_AUTOS = YES_AGGRESSIVE;
				GCC_WARN_UNUSED_FUNCTION = YES;
				GCC_WARN_UNUSED_VARIABLE = YES;
				IPHONEOS_DEPLOYMENT_TARGET = 18.2;
				LOCALIZATION_PREFERS_STRING_CATALOGS = YES;
				MTL_ENABLE_DEBUG_INFO = NO;
				MTL_FAST_MATH = YES;
				SDKROOT = iphoneos;
				SWIFT_COMPILATION_MODE = wholemodule;
				VALIDATE_PRODUCT = YES;
			};
			name = Release;
		};
		E45B057C2DCA24B200390C39 /* Debug */ = {
			isa = XCBuildConfiguration;
			buildSettings = {
				ASSETCATALOG_COMPILER_APPICON_NAME = AppIcon;
				ASSETCATALOG_COMPILER_GLOBAL_ACCENT_COLOR_NAME = AccentColor;
				CODE_SIGN_STYLE = Automatic;
				CURRENT_PROJECT_VERSION = 1;
				DEVELOPMENT_ASSET_PATHS = "\"NicoKeyShifter_iOS/Preview Content\"";
				ENABLE_PREVIEWS = YES;
				GENERATE_INFOPLIST_FILE = YES;
				INFOPLIST_KEY_UIApplicationSceneManifest_Generation = YES;
				INFOPLIST_KEY_UIApplicationSupportsIndirectInputEvents = YES;
				INFOPLIST_KEY_UILaunchScreen_Generation = YES;
				INFOPLIST_KEY_UISupportedInterfaceOrientations_iPad = "UIInterfaceOrientationPortrait UIInterfaceOrientationPortraitUpsideDown UIInterfaceOrientationLandscapeLeft UIInterfaceOrientationLandscapeRight";
				INFOPLIST_KEY_UISupportedInterfaceOrientations_iPhone = "UIInterfaceOrientationPortrait UIInterfaceOrientationLandscapeLeft UIInterfaceOrientationLandscapeRight";
				LD_RUNPATH_SEARCH_PATHS = (
					"$(inherited)",
					"@executable_path/Frameworks",
				);
				MARKETING_VERSION = 1.0;
				PRODUCT_BUNDLE_IDENTIFIER = "com.makoshi.NicoKeyShifter-iOS";
				PRODUCT_NAME = "$(TARGET_NAME)";
				SWIFT_EMIT_LOC_STRINGS = YES;
				SWIFT_VERSION = 5.0;
				TARGETED_DEVICE_FAMILY = "1,2";
			};
			name = Debug;
		};
		E45B057D2DCA24B200390C39 /* Release */ = {
			isa = XCBuildConfiguration;
			buildSettings = {
				ASSETCATALOG_COMPILER_APPICON_NAME = AppIcon;
				ASSETCATALOG_COMPILER_GLOBAL_ACCENT_COLOR_NAME = AccentColor;
				CODE_SIGN_STYLE = Automatic;
				CURRENT_PROJECT_VERSION = 1;
				DEVELOPMENT_ASSET_PATHS = "\"NicoKeyShifter_iOS/Preview Content\"";
				ENABLE_PREVIEWS = YES;
				GENERATE_INFOPLIST_FILE = YES;
				INFOPLIST_KEY_UIApplicationSceneManifest_Generation = YES;
				INFOPLIST_KEY_UIApplicationSupportsIndirectInputEvents = YES;
				INFOPLIST_KEY_UILaunchScreen_Generation = YES;
				INFOPLIST_KEY_UISupportedInterfaceOrientations_iPad = "UIInterfaceOrientationPortrait UIInterfaceOrientationPortraitUpsideDown UIInterfaceOrientationLandscapeLeft UIInterfaceOrientationLandscapeRight";
				INFOPLIST_KEY_UISupportedInterfaceOrientations_iPhone = "UIInterfaceOrientationPortrait UIInterfaceOrientationLandscapeLeft UIInterfaceOrientationLandscapeRight";
				LD_RUNPATH_SEARCH_PATHS = (
					"$(inherited)",
					"@executable_path/Frameworks",
				);
				MARKETING_VERSION = 1.0;
				PRODUCT_BUNDLE_IDENTIFIER = "com.makoshi.NicoKeyShifter-iOS";
				PRODUCT_NAME = "$(TARGET_NAME)";
				SWIFT_EMIT_LOC_STRINGS = YES;
				SWIFT_VERSION = 5.0;
				TARGETED_DEVICE_FAMILY = "1,2";
			};
			name = Release;
		};
		E45B057F2DCA24B200390C39 /* Debug */ = {
			isa = XCBuildConfiguration;
			buildSettings = {
				BUNDLE_LOADER = "$(TEST_HOST)";
				CODE_SIGN_STYLE = Automatic;
				CURRENT_PROJECT_VERSION = 1;
				GENERATE_INFOPLIST_FILE = YES;
				IPHONEOS_DEPLOYMENT_TARGET = 18.2;
				MARKETING_VERSION = 1.0;
				PRODUCT_BUNDLE_IDENTIFIER = "com.makoshi.NicoKeyShifter-iOSTests";
				PRODUCT_NAME = "$(TARGET_NAME)";
				SWIFT_EMIT_LOC_STRINGS = NO;
				SWIFT_VERSION = 5.0;
				TARGETED_DEVICE_FAMILY = "1,2";
				TEST_HOST = "$(BUILT_PRODUCTS_DIR)/NicoKeyShifter_iOS.app/$(BUNDLE_EXECUTABLE_FOLDER_PATH)/NicoKeyShifter_iOS";
			};
			name = Debug;
		};
		E45B05802DCA24B200390C39 /* Release */ = {
			isa = XCBuildConfiguration;
			buildSettings = {
				BUNDLE_LOADER = "$(TEST_HOST)";
				CODE_SIGN_STYLE = Automatic;
				CURRENT_PROJECT_VERSION = 1;
				GENERATE_INFOPLIST_FILE = YES;
				IPHONEOS_DEPLOYMENT_TARGET = 18.2;
				MARKETING_VERSION = 1.0;
				PRODUCT_BUNDLE_IDENTIFIER = "com.makoshi.NicoKeyShifter-iOSTests";
				PRODUCT_NAME = "$(TARGET_NAME)";
				SWIFT_EMIT_LOC_STRINGS = NO;
				SWIFT_VERSION = 5.0;
				TARGETED_DEVICE_FAMILY = "1,2";
				TEST_HOST = "$(BUILT_PRODUCTS_DIR)/NicoKeyShifter_iOS.app/$(BUNDLE_EXECUTABLE_FOLDER_PATH)/NicoKeyShifter_iOS";
			};
			name = Release;
		};
		E45B05822DCA24B200390C39 /* Debug */ = {
			isa = XCBuildConfiguration;
			buildSettings = {
				CODE_SIGN_STYLE = Automatic;
				CURRENT_PROJECT_VERSION = 1;
				GENERATE_INFOPLIST_FILE = YES;
				MARKETING_VERSION = 1.0;
				PRODUCT_BUNDLE_IDENTIFIER = "com.makoshi.NicoKeyShifter-iOSUITests";
				PRODUCT_NAME = "$(TARGET_NAME)";
				SWIFT_EMIT_LOC_STRINGS = NO;
				SWIFT_VERSION = 5.0;
				TARGETED_DEVICE_FAMILY = "1,2";
				TEST_TARGET_NAME = NicoKeyShifter_iOS;
			};
			name = Debug;
		};
		E45B05832DCA24B200390C39 /* Release */ = {
			isa = XCBuildConfiguration;
			buildSettings = {
				CODE_SIGN_STYLE = Automatic;
				CURRENT_PROJECT_VERSION = 1;
				GENERATE_INFOPLIST_FILE = YES;
				MARKETING_VERSION = 1.0;
				PRODUCT_BUNDLE_IDENTIFIER = "com.makoshi.NicoKeyShifter-iOSUITests";
				PRODUCT_NAME = "$(TARGET_NAME)";
				SWIFT_EMIT_LOC_STRINGS = NO;
				SWIFT_VERSION = 5.0;
				TARGETED_DEVICE_FAMILY = "1,2";
				TEST_TARGET_NAME = NicoKeyShifter_iOS;
			};
			name = Release;
		};
/* End XCBuildConfiguration section */

/* Begin XCConfigurationList section */
		E45B05502DCA24AD00390C39 /* Build configuration list for PBXProject "NicoKeyShifter_iOS" */ = {
			isa = XCConfigurationList;
			buildConfigurations = (
				E45B05792DCA24B200390C39 /* Debug */,
				E45B057A2DCA24B200390C39 /* Release */,
			);
			defaultConfigurationIsVisible = 0;
			defaultConfigurationName = Release;
		};
		E45B057B2DCA24B200390C39 /* Build configuration list for PBXNativeTarget "NicoKeyShifter_iOS" */ = {
			isa = XCConfigurationList;
			buildConfigurations = (
				E45B057C2DCA24B200390C39 /* Debug */,
				E45B057D2DCA24B200390C39 /* Release */,
			);
			defaultConfigurationIsVisible = 0;
			defaultConfigurationName = Release;
		};
		E45B057E2DCA24B200390C39 /* Build configuration list for PBXNativeTarget "NicoKeyShifter_iOSTests" */ = {
			isa = XCConfigurationList;
			buildConfigurations = (
				E45B057F2DCA24B200390C39 /* Debug */,
				E45B05802DCA24B200390C39 /* Release */,
			);
			defaultConfigurationIsVisible = 0;
			defaultConfigurationName = Release;
		};
		E45B05812DCA24B200390C39 /* Build configuration list for PBXNativeTarget "NicoKeyShifter_iOSUITests" */ = {
			isa = XCConfigurationList;
			buildConfigurations = (
				E45B05822DCA24B200390C39 /* Debug */,
				E45B05832DCA24B200390C39 /* Release */,
			);
			defaultConfigurationIsVisible = 0;
			defaultConfigurationName = Release;
		};
/* End XCConfigurationList section */
	};
	rootObject = E45B054D2DCA24AD00390C39 /* Project object */;
}
